
Microsoft Visual Studio Solution File, Format Version 11.00
# Visual Studio 2010
Project("{FAE04EC0-301F-11D3-BF4B-00C04F79EFBC}") = "Goblins Prototype", "Assembly-CSharp.csproj", "{66B2339E-FF97-9436-E93B-B9BE0B7C2913}"
EndProject
Project("{FAE04EC0-301F-11D3-BF4B-00C04F79EFBC}") = "Goblins Prototype", "Assembly-CSharp-Editor.csproj", "{48D9E029-57A0-EEF7-EBD9-A935CF893474}"
EndProject
Global
	GlobalSection(SolutionConfigurationPlatforms) = preSolution
		Debug|Any CPU = Debug|Any CPU
		Release|Any CPU = Release|Any CPU
	EndGlobalSection
	GlobalSection(ProjectConfigurationPlatforms) = postSolution
		{66B2339E-FF97-9436-E93B-B9BE0B7C2913}.Debug|Any CPU.ActiveCfg = Debug|Any CPU
		{66B2339E-FF97-9436-E93B-B9BE0B7C2913}.Debug|Any CPU.Build.0 = Debug|Any CPU
		{66B2339E-FF97-9436-E93B-B9BE0B7C2913}.Release|Any CPU.ActiveCfg = Release|Any CPU
		{66B2339E-FF97-9436-E93B-B9BE0B7C2913}.Release|Any CPU.Build.0 = Release|Any CPU
		{48D9E029-57A0-EEF7-EBD9-A935CF893474}.Debug|Any CPU.ActiveCfg = Debug|Any CPU
		{48D9E029-57A0-EEF7-EBD9-A935CF893474}.Debug|Any CPU.Build.0 = Debug|Any CPU
		{48D9E029-57A0-EEF7-EBD9-A935CF893474}.Release|Any CPU.ActiveCfg = Release|Any CPU
		{48D9E029-57A0-EEF7-EBD9-A935CF893474}.Release|Any CPU.Build.0 = Release|Any CPU
	EndGlobalSection
	GlobalSection(SolutionProperties) = preSolution
		HideSolutionNode = FALSE
	EndGlobalSection
	GlobalSection(MonoDevelopProperties) = preSolution
		StartupItem = Assembly-CSharp.csproj
	EndGlobalSection
EndGlobal
